{
  "object": {
    "pins": [
      {
        "package": "Aperture",
        "repositoryURL": "https://github.com/wulkano/Aperture",
        "state": {
          "branch": "main",
          "revision": "ddfb0fc1b3c789339dd5fd9296ba8076d292611c",
          "version": null
        }
      }
    ]
  },
  "version": 1
}
