{
  "pins" : [
    {
      "identity" : "aperture",
      "kind" : "remoteSourceControl",
      "location" : "https://github.com/wulkano/Aperture",
      "state" : {
        "revision" : "ddfb0fc1b3c789339dd5fd9296ba8076d292611c",
        "version" : "2.0.1"
      }
    },
    {
      "identity" : "keyboardshortcuts",
      "kind" : "remoteSourceControl",
      "location" : "https://github.com/sindresorhus/KeyboardShortcuts",
      "state" : {
        "revision" : "0dcedd56994d871f243f3d9c76590bfd9f8aba69",
        "version" : "1.5.0"
      }
    }
  ],
  "version" : 2
}
