// !$*UTF8*$!
{
	archiveVersion = 1;
	classes = {
	};
	objectVersion = 55;
	objects = {

/* Begin PBXBuildFile section */
		8002BBA027B79BF300F19B72 /* ContentView.swift in Sources */ = {isa = PBXBuildFile; fileRef = 8002BB9F27B79BF300F19B72 /* ContentView.swift */; };
		8002BBA227B79BF400F19B72 /* Assets.xcassets in Resources */ = {isa = PBXBuildFile; fileRef = 8002BBA127B79BF400F19B72 /* Assets.xcassets */; };
		8002BBA527B79BF400F19B72 /* Preview Assets.xcassets in Resources */ = {isa = PBXBuildFile; fileRef = 8002BBA427B79BF400F19B72 /* Preview Assets.xcassets */; };
		8002BBAD27B79FDB00F19B72 /* StatusBarController.swift in Sources */ = {isa = PBXBuildFile; fileRef = 8002BBAC27B79FDB00F19B72 /* StatusBarController.swift */; };
		8002BBAF27B7A09A00F19B72 /* AppDelegate.swift in Sources */ = {isa = PBXBuildFile; fileRef = 8002BBAE27B7A09A00F19B72 /* AppDelegate.swift */; };
		8021E1E827C046A4003C69CC /* AutoGIFApp.swift in Sources */ = {isa = PBXBuildFile; fileRef = 8021E1E727C046A4003C69CC /* AutoGIFApp.swift */; };
		8021E1F027C0C320003C69CC /* Aperture in Frameworks */ = {isa = PBXBuildFile; productRef = 8021E1EF27C0C320003C69CC /* Aperture */; };
		80ADE1E927C15EE000C664B9 /* Recorder.swift in Sources */ = {isa = PBXBuildFile; fileRef = 80ADE1E827C15EE000C664B9 /* Recorder.swift */; };
/* End PBXBuildFile section */

/* Begin PBXFileReference section */
		8002BB9A27B79BF300F19B72 /* AutoGIF Spooler.app */ = {isa = PBXFileReference; explicitFileType = wrapper.application; includeInIndex = 0; path = "AutoGIF Spooler.app"; sourceTree = BUILT_PRODUCTS_DIR; };
		8002BB9F27B79BF300F19B72 /* ContentView.swift */ = {isa = PBXFileReference; lastKnownFileType = sourcecode.swift; path = ContentView.swift; sourceTree = "<group>"; };
		8002BBA127B79BF400F19B72 /* Assets.xcassets */ = {isa = PBXFileReference; lastKnownFileType = folder.assetcatalog; path = Assets.xcassets; sourceTree = "<group>"; };
		8002BBA427B79BF400F19B72 /* Preview Assets.xcassets */ = {isa = PBXFileReference; lastKnownFileType = folder.assetcatalog; path = "Preview Assets.xcassets"; sourceTree = "<group>"; };
		8002BBA627B79BF400F19B72 /* AutoGIF_Spooler.entitlements */ = {isa = PBXFileReference; lastKnownFileType = text.plist.entitlements; path = AutoGIF_Spooler.entitlements; sourceTree = "<group>"; };
		8002BBAC27B79FDB00F19B72 /* StatusBarController.swift */ = {isa = PBXFileReference; lastKnownFileType = sourcecode.swift; path = StatusBarController.swift; sourceTree = "<group>"; };
		8002BBAE27B7A09A00F19B72 /* AppDelegate.swift */ = {isa = PBXFileReference; lastKnownFileType = sourcecode.swift; path = AppDelegate.swift; sourceTree = "<group>"; };
		8021E1E727C046A4003C69CC /* AutoGIFApp.swift */ = {isa = PBXFileReference; lastKnownFileType = sourcecode.swift; path = AutoGIFApp.swift; sourceTree = "<group>"; };
		8021E1EB27C04757003C69CC /* AutoGIF-Spooler-Info.plist */ = {isa = PBXFileReference; lastKnownFileType = text.plist; path = "AutoGIF-Spooler-Info.plist"; sourceTree = SOURCE_ROOT; };
		80ADE1E827C15EE000C664B9 /* Recorder.swift */ = {isa = PBXFileReference; fileEncoding = 4; lastKnownFileType = sourcecode.swift; path = Recorder.swift; sourceTree = "<group>"; };
/* End PBXFileReference section */

/* Begin PBXFrameworksBuildPhase section */
		8002BB9727B79BF300F19B72 /* Frameworks */ = {
			isa = PBXFrameworksBuildPhase;
			buildActionMask = 2147483647;
			files = (
				8021E1F027C0C320003C69CC /* Aperture in Frameworks */,
			);
			runOnlyForDeploymentPostprocessing = 0;
		};
/* End PBXFrameworksBuildPhase section */

/* Begin PBXGroup section */
		8002BB9127B79BF300F19B72 = {
			isa = PBXGroup;
			children = (
				8002BB9C27B79BF300F19B72 /* AutoGIF Spooler */,
				8002BB9B27B79BF300F19B72 /* Products */,
			);
			sourceTree = "<group>";
		};
		8002BB9B27B79BF300F19B72 /* Products */ = {
			isa = PBXGroup;
			children = (
				8002BB9A27B79BF300F19B72 /* AutoGIF Spooler.app */,
			);
			name = Products;
			sourceTree = "<group>";
		};
		8002BB9C27B79BF300F19B72 /* AutoGIF Spooler */ = {
			isa = PBXGroup;
			children = (
				80ADE1E827C15EE000C664B9 /* Recorder.swift */,
				8021E1EB27C04757003C69CC /* AutoGIF-Spooler-Info.plist */,
				8002BB9F27B79BF300F19B72 /* ContentView.swift */,
				8002BBA127B79BF400F19B72 /* Assets.xcassets */,
				8002BBA627B79BF400F19B72 /* AutoGIF_Spooler.entitlements */,
				8002BBA327B79BF400F19B72 /* Preview Content */,
				8002BBAC27B79FDB00F19B72 /* StatusBarController.swift */,
				8002BBAE27B7A09A00F19B72 /* AppDelegate.swift */,
				8021E1E727C046A4003C69CC /* AutoGIFApp.swift */,
			);
			path = "AutoGIF Spooler";
			sourceTree = "<group>";
		};
		8002BBA327B79BF400F19B72 /* Preview Content */ = {
			isa = PBXGroup;
			children = (
				8002BBA427B79BF400F19B72 /* Preview Assets.xcassets */,
			);
			path = "Preview Content";
			sourceTree = "<group>";
		};
/* End PBXGroup section */

/* Begin PBXNativeTarget section */
		8002BB9927B79BF300F19B72 /* AutoGIF Spooler */ = {
			isa = PBXNativeTarget;
			buildConfigurationList = 8002BBA927B79BF400F19B72 /* Build configuration list for PBXNativeTarget "AutoGIF Spooler" */;
			buildPhases = (
				8002BB9627B79BF300F19B72 /* Sources */,
				8002BB9727B79BF300F19B72 /* Frameworks */,
				8002BB9827B79BF300F19B72 /* Resources */,
			);
			buildRules = (
			);
			dependencies = (
			);
			name = "AutoGIF Spooler";
			packageProductDependencies = (
				8021E1EF27C0C320003C69CC /* Aperture */,
			);
			productName = "AutoGIF Spooler";
			productReference = 8002BB9A27B79BF300F19B72 /* AutoGIF Spooler.app */;
			productType = "com.apple.product-type.application";
		};
/* End PBXNativeTarget section */

/* Begin PBXProject section */
		8002BB9227B79BF300F19B72 /* Project object */ = {
			isa = PBXProject;
			attributes = {
				BuildIndependentTargetsInParallel = 1;
				LastSwiftUpdateCheck = 1320;
				LastUpgradeCheck = 1320;
				TargetAttributes = {
					8002BB9927B79BF300F19B72 = {
						CreatedOnToolsVersion = 13.2.1;
					};
				};
			};
			buildConfigurationList = 8002BB9527B79BF300F19B72 /* Build configuration list for PBXProject "AutoGIF Spooler" */;
			compatibilityVersion = "Xcode 13.0";
			developmentRegion = en;
			hasScannedForEncodings = 0;
			knownRegions = (
				en,
				Base,
			);
			mainGroup = 8002BB9127B79BF300F19B72;
			packageReferences = (
				8021E1EE27C0C320003C69CC /* XCRemoteSwiftPackageReference "Aperture" */,
			);
			productRefGroup = 8002BB9B27B79BF300F19B72 /* Products */;
			projectDirPath = "";
			projectRoot = "";
			targets = (
				8002BB9927B79BF300F19B72 /* AutoGIF Spooler */,
			);
		};
/* End PBXProject section */

/* Begin PBXResourcesBuildPhase section */
		8002BB9827B79BF300F19B72 /* Resources */ = {
			isa = PBXResourcesBuildPhase;
			buildActionMask = 2147483647;
			files = (
				8002BBA527B79BF400F19B72 /* Preview Assets.xcassets in Resources */,
				8002BBA227B79BF400F19B72 /* Assets.xcassets in Resources */,
			);
			runOnlyForDeploymentPostprocessing = 0;
		};
/* End PBXResourcesBuildPhase section */

/* Begin PBXSourcesBuildPhase section */
		8002BB9627B79BF300F19B72 /* Sources */ = {
			isa = PBXSourcesBuildPhase;
			buildActionMask = 2147483647;
			files = (
				80ADE1E927C15EE000C664B9 /* Recorder.swift in Sources */,
				8002BBAF27B7A09A00F19B72 /* AppDelegate.swift in Sources */,
				8002BBA027B79BF300F19B72 /* ContentView.swift in Sources */,
				8002BBAD27B79FDB00F19B72 /* StatusBarController.swift in Sources */,
				8021E1E827C046A4003C69CC /* AutoGIFApp.swift in Sources */,
			);
			runOnlyForDeploymentPostprocessing = 0;
		};
/* End PBXSourcesBuildPhase section */

/* Begin XCBuildConfiguration section */
		8002BBA727B79BF400F19B72 /* Debug */ = {
			isa = XCBuildConfiguration;
			buildSettings = {
				ALWAYS_SEARCH_USER_PATHS = NO;
				CLANG_ANALYZER_NONNULL = YES;
				CLANG_ANALYZER_NUMBER_OBJECT_CONVERSION = YES_AGGRESSIVE;
				CLANG_CXX_LANGUAGE_STANDARD = "gnu++17";
				CLANG_CXX_LIBRARY = "libc++";
				CLANG_ENABLE_MODULES = YES;
				CLANG_ENABLE_OBJC_ARC = YES;
				CLANG_ENABLE_OBJC_WEAK = YES;
				CLANG_WARN_BLOCK_CAPTURE_AUTORELEASING = YES;
				CLANG_WARN_BOOL_CONVERSION = YES;
				CLANG_WARN_COMMA = YES;
				CLANG_WARN_CONSTANT_CONVERSION = YES;
				CLANG_WARN_DEPRECATED_OBJC_IMPLEMENTATIONS = YES;
				CLANG_WARN_DIRECT_OBJC_ISA_USAGE = YES_ERROR;
				CLANG_WARN_DOCUMENTATION_COMMENTS = YES;
				CLANG_WARN_EMPTY_BODY = YES;
				CLANG_WARN_ENUM_CONVERSION = YES;
				CLANG_WARN_INFINITE_RECURSION = YES;
				CLANG_WARN_INT_CONVERSION = YES;
				CLANG_WARN_NON_LITERAL_NULL_CONVERSION = YES;
				CLANG_WARN_OBJC_IMPLICIT_RETAIN_SELF = YES;
				CLANG_WARN_OBJC_LITERAL_CONVERSION = YES;
				CLANG_WARN_OBJC_ROOT_CLASS = YES_ERROR;
				CLANG_WARN_QUOTED_INCLUDE_IN_FRAMEWORK_HEADER = YES;
				CLANG_WARN_RANGE_LOOP_ANALYSIS = YES;
				CLANG_WARN_STRICT_PROTOTYPES = YES;
				CLANG_WARN_SUSPICIOUS_MOVE = YES;
				CLANG_WARN_UNGUARDED_AVAILABILITY = YES_AGGRESSIVE;
				CLANG_WARN_UNREACHABLE_CODE = YES;
				CLANG_WARN__DUPLICATE_METHOD_MATCH = YES;
				COPY_PHASE_STRIP = NO;
				DEBUG_INFORMATION_FORMAT = dwarf;
				ENABLE_STRICT_OBJC_MSGSEND = YES;
				ENABLE_TESTABILITY = YES;
				GCC_C_LANGUAGE_STANDARD = gnu11;
				GCC_DYNAMIC_NO_PIC = NO;
				GCC_NO_COMMON_BLOCKS = YES;
				GCC_OPTIMIZATION_LEVEL = 0;
				GCC_PREPROCESSOR_DEFINITIONS = (
					"DEBUG=1",
					"$(inherited)",
				);
				GCC_WARN_64_TO_32_BIT_CONVERSION = YES;
				GCC_WARN_ABOUT_RETURN_TYPE = YES_ERROR;
				GCC_WARN_UNDECLARED_SELECTOR = YES;
				GCC_WARN_UNINITIALIZED_AUTOS = YES_AGGRESSIVE;
				GCC_WARN_UNUSED_FUNCTION = YES;
				GCC_WARN_UNUSED_VARIABLE = YES;
				MACOSX_DEPLOYMENT_TARGET = 12.0;
				MTL_ENABLE_DEBUG_INFO = INCLUDE_SOURCE;
				MTL_FAST_MATH = YES;
				ONLY_ACTIVE_ARCH = YES;
				SDKROOT = macosx;
				SWIFT_ACTIVE_COMPILATION_CONDITIONS = DEBUG;
				SWIFT_OPTIMIZATION_LEVEL = "-Onone";
			};
			name = Debug;
		};
		8002BBA827B79BF400F19B72 /* Release */ = {
			isa = XCBuildConfiguration;
			buildSettings = {
				ALWAYS_SEARCH_USER_PATHS = NO;
				CLANG_ANALYZER_NONNULL = YES;
				CLANG_ANALYZER_NUMBER_OBJECT_CONVERSION = YES_AGGRESSIVE;
				CLANG_CXX_LANGUAGE_STANDARD = "gnu++17";
				CLANG_CXX_LIBRARY = "libc++";
				CLANG_ENABLE_MODULES = YES;
				CLANG_ENABLE_OBJC_ARC = YES;
				CLANG_ENABLE_OBJC_WEAK = YES;
				CLANG_WARN_BLOCK_CAPTURE_AUTORELEASING = YES;
				CLANG_WARN_BOOL_CONVERSION = YES;
				CLANG_WARN_COMMA = YES;
				CLANG_WARN_CONSTANT_CONVERSION = YES;
				CLANG_WARN_DEPRECATED_OBJC_IMPLEMENTATIONS = YES;
				CLANG_WARN_DIRECT_OBJC_ISA_USAGE = YES_ERROR;
				CLANG_WARN_DOCUMENTATION_COMMENTS = YES;
				CLANG_WARN_EMPTY_BODY = YES;
				CLANG_WARN_ENUM_CONVERSION = YES;
				CLANG_WARN_INFINITE_RECURSION = YES;
				CLANG_WARN_INT_CONVERSION = YES;
				CLANG_WARN_NON_LITERAL_NULL_CONVERSION = YES;
				CLANG_WARN_OBJC_IMPLICIT_RETAIN_SELF = YES;
				CLANG_WARN_OBJC_LITERAL_CONVERSION = YES;
				CLANG_WARN_OBJC_ROOT_CLASS = YES_ERROR;
				CLANG_WARN_QUOTED_INCLUDE_IN_FRAMEWORK_HEADER = YES;
				CLANG_WARN_RANGE_LOOP_ANALYSIS = YES;
				CLANG_WARN_STRICT_PROTOTYPES = YES;
				CLANG_WARN_SUSPICIOUS_MOVE = YES;
				CLANG_WARN_UNGUARDED_AVAILABILITY = YES_AGGRESSIVE;
				CLANG_WARN_UNREACHABLE_CODE = YES;
				CLANG_WARN__DUPLICATE_METHOD_MATCH = YES;
				COPY_PHASE_STRIP = NO;
				DEBUG_INFORMATION_FORMAT = "dwarf-with-dsym";
				ENABLE_NS_ASSERTIONS = NO;
				ENABLE_STRICT_OBJC_MSGSEND = YES;
				GCC_C_LANGUAGE_STANDARD = gnu11;
				GCC_NO_COMMON_BLOCKS = YES;
				GCC_WARN_64_TO_32_BIT_CONVERSION = YES;
				GCC_WARN_ABOUT_RETURN_TYPE = YES_ERROR;
				GCC_WARN_UNDECLARED_SELECTOR = YES;
				GCC_WARN_UNINITIALIZED_AUTOS = YES_AGGRESSIVE;
				GCC_WARN_UNUSED_FUNCTION = YES;
				GCC_WARN_UNUSED_VARIABLE = YES;
				MACOSX_DEPLOYMENT_TARGET = 12.0;
				MTL_ENABLE_DEBUG_INFO = NO;
				MTL_FAST_MATH = YES;
				SDKROOT = macosx;
				SWIFT_COMPILATION_MODE = wholemodule;
				SWIFT_OPTIMIZATION_LEVEL = "-O";
			};
			name = Release;
		};
		8002BBAA27B79BF400F19B72 /* Debug */ = {
			isa = XCBuildConfiguration;
			buildSettings = {
				ASSETCATALOG_COMPILER_APPICON_NAME = AppIcon;
				ASSETCATALOG_COMPILER_GLOBAL_ACCENT_COLOR_NAME = AccentColor;
				CODE_SIGN_ENTITLEMENTS = "AutoGIF Spooler/AutoGIF_Spooler.entitlements";
				CODE_SIGN_IDENTITY = "Apple Development";
				CODE_SIGN_STYLE = Manual;
				COMBINE_HIDPI_IMAGES = YES;
				CURRENT_PROJECT_VERSION = 1;
				DEVELOPMENT_ASSET_PATHS = "\"AutoGIF Spooler/Preview Content\"";
				DEVELOPMENT_TEAM = MT5RVRUJW7;
				ENABLE_HARDENED_RUNTIME = YES;
				ENABLE_PREVIEWS = YES;
				GCC_NO_COMMON_BLOCKS = NO;
				GENERATE_INFOPLIST_FILE = YES;
				INFOPLIST_FILE = "AutoGIF-Spooler-Info.plist";
				INFOPLIST_KEY_NSCameraUsageDescription = "AutoGIF needs access to your camera and screen";
				INFOPLIST_KEY_NSHumanReadableCopyright = "";
				INFOPLIST_KEY_NSMicrophoneUsageDescription = "AutoGIF needs access to your microphone (not because we use it but a dependency that we rely on needs it)";
				LD_RUNPATH_SEARCH_PATHS = (
					"$(inherited)",
					"@executable_path/../Frameworks",
				);
				MARKETING_VERSION = 1.2;
				PRODUCT_BUNDLE_IDENTIFIER = "AutoGIF.AutoGIF-Spooler";
				PRODUCT_NAME = "$(TARGET_NAME)";
				PROVISIONING_PROFILE_SPECIFIER = "";
				SWIFT_EMIT_LOC_STRINGS = YES;
				SWIFT_VERSION = 5.0;
			};
			name = Debug;
		};
		8002BBAB27B79BF400F19B72 /* Release */ = {
			isa = XCBuildConfiguration;
			buildSettings = {
				ASSETCATALOG_COMPILER_APPICON_NAME = AppIcon;
				ASSETCATALOG_COMPILER_GLOBAL_ACCENT_COLOR_NAME = AccentColor;
				CODE_SIGN_ENTITLEMENTS = "AutoGIF Spooler/AutoGIF_Spooler.entitlements";
				CODE_SIGN_IDENTITY = "Apple Development";
				CODE_SIGN_STYLE = Manual;
				COMBINE_HIDPI_IMAGES = YES;
				CURRENT_PROJECT_VERSION = 1;
				DEVELOPMENT_ASSET_PATHS = "\"AutoGIF Spooler/Preview Content\"";
				DEVELOPMENT_TEAM = MT5RVRUJW7;
				ENABLE_HARDENED_RUNTIME = YES;
				ENABLE_PREVIEWS = YES;
				GCC_NO_COMMON_BLOCKS = NO;
				GENERATE_INFOPLIST_FILE = YES;
				INFOPLIST_FILE = "AutoGIF-Spooler-Info.plist";
				INFOPLIST_KEY_NSCameraUsageDescription = "AutoGIF needs access to your camera and screen";
				INFOPLIST_KEY_NSHumanReadableCopyright = "";
				INFOPLIST_KEY_NSMicrophoneUsageDescription = "AutoGIF needs access to your microphone (not because we use it but a dependency that we rely on needs it)";
				LD_RUNPATH_SEARCH_PATHS = (
					"$(inherited)",
					"@executable_path/../Frameworks",
				);
				MARKETING_VERSION = 1.2;
				PRODUCT_BUNDLE_IDENTIFIER = "AutoGIF.AutoGIF-Spooler";
				PRODUCT_NAME = "$(TARGET_NAME)";
				PROVISIONING_PROFILE_SPECIFIER = "";
				SWIFT_EMIT_LOC_STRINGS = YES;
				SWIFT_VERSION = 5.0;
			};
			name = Release;
		};
/* End XCBuildConfiguration section */

/* Begin XCConfigurationList section */
		8002BB9527B79BF300F19B72 /* Build configuration list for PBXProject "AutoGIF Spooler" */ = {
			isa = XCConfigurationList;
			buildConfigurations = (
				8002BBA727B79BF400F19B72 /* Debug */,
				8002BBA827B79BF400F19B72 /* Release */,
			);
			defaultConfigurationIsVisible = 0;
			defaultConfigurationName = Release;
		};
		8002BBA927B79BF400F19B72 /* Build configuration list for PBXNativeTarget "AutoGIF Spooler" */ = {
			isa = XCConfigurationList;
			buildConfigurations = (
				8002BBAA27B79BF400F19B72 /* Debug */,
				8002BBAB27B79BF400F19B72 /* Release */,
			);
			defaultConfigurationIsVisible = 0;
			defaultConfigurationName = Release;
		};
/* End XCConfigurationList section */

/* Begin XCRemoteSwiftPackageReference section */
		8021E1EE27C0C320003C69CC /* XCRemoteSwiftPackageReference "Aperture" */ = {
			isa = XCRemoteSwiftPackageReference;
			repositoryURL = "https://github.com/wulkano/Aperture";
			requirement = {
				kind = upToNextMajorVersion;
				minimumVersion = 2.0.0;
			};
		};
/* End XCRemoteSwiftPackageReference section */

/* Begin XCSwiftPackageProductDependency section */
		8021E1EF27C0C320003C69CC /* Aperture */ = {
			isa = XCSwiftPackageProductDependency;
			package = 8021E1EE27C0C320003C69CC /* XCRemoteSwiftPackageReference "Aperture" */;
			productName = Aperture;
		};
/* End XCSwiftPackageProductDependency section */
	};
	rootObject = 8002BB9227B79BF300F19B72 /* Project object */;
}
